// !$*UTF8*$!
{
	archiveVersion = 1;
	classes = {
	};
	objectVersion = 55;
	objects = {

/* Begin PBXBuildFile section */
		735421232721355300D83F51 /* EmojiArtApp.swift in Sources */ = {isa = PBXBuildFile; fileRef = 7354210F2721354A00D83F51 /* EmojiArtApp.swift */; };
		735421242721355300D83F51 /* EmojiArtApp.swift in Sources */ = {isa = PBXBuildFile; fileRef = 7354210F2721354A00D83F51 /* EmojiArtApp.swift */; };
		735421252721355300D83F51 /* EmojiArtDocument.swift in Sources */ = {isa = PBXBuildFile; fileRef = 735421102721354A00D83F51 /* EmojiArtDocument.swift */; };
		735421262721355300D83F51 /* EmojiArtDocument.swift in Sources */ = {isa = PBXBuildFile; fileRef = 735421102721354A00D83F51 /* EmojiArtDocument.swift */; };
		735421292721355300D83F51 /* Assets.xcassets in Resources */ = {isa = PBXBuildFile; fileRef = 735421122721355300D83F51 /* Assets.xcassets */; };
		7354212A2721355300D83F51 /* Assets.xcassets in Resources */ = {isa = PBXBuildFile; fileRef = 735421122721355300D83F51 /* Assets.xcassets */; };
		7354213A2721392C00D83F51 /* DocumentView.swift in Sources */ = {isa = PBXBuildFile; fileRef = 735421342721392C00D83F51 /* DocumentView.swift */; };
		7354213B2721392C00D83F51 /* DocumentView.swift in Sources */ = {isa = PBXBuildFile; fileRef = 735421342721392C00D83F51 /* DocumentView.swift */; };
		7354213C2721392C00D83F51 /* PaletteChooser.swift in Sources */ = {isa = PBXBuildFile; fileRef = 735421352721392C00D83F51 /* PaletteChooser.swift */; };
		7354213D2721392C00D83F51 /* PaletteChooser.swift in Sources */ = {isa = PBXBuildFile; fileRef = 735421352721392C00D83F51 /* PaletteChooser.swift */; };
		7354213E2721392C00D83F51 /* Camera.swift in Sources */ = {isa = PBXBuildFile; fileRef = 735421362721392C00D83F51 /* Camera.swift */; };
		735421402721392C00D83F51 /* PaletteEditor.swift in Sources */ = {isa = PBXBuildFile; fileRef = 735421372721392C00D83F51 /* PaletteEditor.swift */; };
		735421412721392C00D83F51 /* PaletteEditor.swift in Sources */ = {isa = PBXBuildFile; fileRef = 735421372721392C00D83F51 /* PaletteEditor.swift */; };
		735421422721392C00D83F51 /* PaletteManager.swift in Sources */ = {isa = PBXBuildFile; fileRef = 735421382721392C00D83F51 /* PaletteManager.swift */; };
		735421442721392C00D83F51 /* PhotoLibrary.swift in Sources */ = {isa = PBXBuildFile; fileRef = 735421392721392C00D83F51 /* PhotoLibrary.swift */; };
		735421492721397900D83F51 /* UtilityView.swift in Sources */ = {isa = PBXBuildFile; fileRef = 735421462721397900D83F51 /* UtilityView.swift */; };
		7354214A2721397900D83F51 /* UtilityView.swift in Sources */ = {isa = PBXBuildFile; fileRef = 735421462721397900D83F51 /* UtilityView.swift */; };
		7354214B2721397900D83F51 /* Aliases.swift in Sources */ = {isa = PBXBuildFile; fileRef = 735421472721397900D83F51 /* Aliases.swift */; };
		7354214C2721397900D83F51 /* Aliases.swift in Sources */ = {isa = PBXBuildFile; fileRef = 735421472721397900D83F51 /* Aliases.swift */; };
		7354214D2721397900D83F51 /* Utility+Extension.swift in Sources */ = {isa = PBXBuildFile; fileRef = 735421482721397900D83F51 /* Utility+Extension.swift */; };
		7354214E2721397900D83F51 /* Utility+Extension.swift in Sources */ = {isa = PBXBuildFile; fileRef = 735421482721397900D83F51 /* Utility+Extension.swift */; };
		7354216127213A2800D83F51 /* Model.Background.swift in Sources */ = {isa = PBXBuildFile; fileRef = 7354215E27213A2800D83F51 /* Model.Background.swift */; };
		7354216227213A2800D83F51 /* Model.Background.swift in Sources */ = {isa = PBXBuildFile; fileRef = 7354215E27213A2800D83F51 /* Model.Background.swift */; };
		7354216327213A2800D83F51 /* Model.swift in Sources */ = {isa = PBXBuildFile; fileRef = 7354215F27213A2800D83F51 /* Model.swift */; };
		7354216427213A2800D83F51 /* Model.swift in Sources */ = {isa = PBXBuildFile; fileRef = 7354215F27213A2800D83F51 /* Model.swift */; };
		7354216527213A2800D83F51 /* PaletteStore.swift in Sources */ = {isa = PBXBuildFile; fileRef = 7354216027213A2800D83F51 /* PaletteStore.swift */; };
		7354216627213A2800D83F51 /* PaletteStore.swift in Sources */ = {isa = PBXBuildFile; fileRef = 7354216027213A2800D83F51 /* PaletteStore.swift */; };
		7354216927213C9B00D83F51 /* macOS.swift in Sources */ = {isa = PBXBuildFile; fileRef = 7354216727213C9B00D83F51 /* macOS.swift */; };
		7354216B2721404F00D83F51 /* iOS.swift in Sources */ = {isa = PBXBuildFile; fileRef = 7354216A2721404F00D83F51 /* iOS.swift */; };
/* End PBXBuildFile section */

/* Begin PBXFileReference section */
		7354210F2721354A00D83F51 /* EmojiArtApp.swift */ = {isa = PBXFileReference; lastKnownFileType = sourcecode.swift; path = EmojiArtApp.swift; sourceTree = "<group>"; };
		735421102721354A00D83F51 /* EmojiArtDocument.swift */ = {isa = PBXFileReference; lastKnownFileType = sourcecode.swift; path = EmojiArtDocument.swift; sourceTree = "<group>"; };
		735421122721355300D83F51 /* Assets.xcassets */ = {isa = PBXFileReference; lastKnownFileType = folder.assetcatalog; path = Assets.xcassets; sourceTree = "<group>"; };
		735421172721355300D83F51 /* EmojiArt.app */ = {isa = PBXFileReference; explicitFileType = wrapper.application; includeInIndex = 0; path = EmojiArt.app; sourceTree = BUILT_PRODUCTS_DIR; };
		7354211A2721355300D83F51 /* Info.plist */ = {isa = PBXFileReference; lastKnownFileType = text.plist.xml; path = Info.plist; sourceTree = "<group>"; };
		7354211F2721355300D83F51 /* EmojiArt.app */ = {isa = PBXFileReference; explicitFileType = wrapper.application; includeInIndex = 0; path = EmojiArt.app; sourceTree = BUILT_PRODUCTS_DIR; };
		735421212721355300D83F51 /* Info.plist */ = {isa = PBXFileReference; lastKnownFileType = text.plist.xml; path = Info.plist; sourceTree = "<group>"; };
		735421222721355300D83F51 /* macOS.entitlements */ = {isa = PBXFileReference; lastKnownFileType = text.plist.entitlements; path = macOS.entitlements; sourceTree = "<group>"; };
		735421342721392C00D83F51 /* DocumentView.swift */ = {isa = PBXFileReference; fileEncoding = 4; lastKnownFileType = sourcecode.swift; name = DocumentView.swift; path = "../../../EmojiArt iOS/EmojiArt/Views/DocumentView.swift"; sourceTree = "<group>"; };
		735421352721392C00D83F51 /* PaletteChooser.swift */ = {isa = PBXFileReference; fileEncoding = 4; lastKnownFileType = sourcecode.swift; name = PaletteChooser.swift; path = "../../../EmojiArt iOS/EmojiArt/Views/PaletteChooser.swift"; sourceTree = "<group>"; };
		735421362721392C00D83F51 /* Camera.swift */ = {isa = PBXFileReference; fileEncoding = 4; lastKnownFileType = sourcecode.swift; path = Camera.swift; sourceTree = "<group>"; };
		735421372721392C00D83F51 /* PaletteEditor.swift */ = {isa = PBXFileReference; fileEncoding = 4; lastKnownFileType = sourcecode.swift; name = PaletteEditor.swift; path = "../../../EmojiArt iOS/EmojiArt/Views/PaletteEditor.swift"; sourceTree = "<group>"; };
		735421382721392C00D83F51 /* PaletteManager.swift */ = {isa = PBXFileReference; fileEncoding = 4; lastKnownFileType = sourcecode.swift; path = PaletteManager.swift; sourceTree = "<group>"; };
		735421392721392C00D83F51 /* PhotoLibrary.swift */ = {isa = PBXFileReference; fileEncoding = 4; lastKnownFileType = sourcecode.swift; path = PhotoLibrary.swift; sourceTree = "<group>"; };
		735421462721397900D83F51 /* UtilityView.swift */ = {isa = PBXFileReference; fileEncoding = 4; lastKnownFileType = sourcecode.swift; path = UtilityView.swift; sourceTree = "<group>"; };
		735421472721397900D83F51 /* Aliases.swift */ = {isa = PBXFileReference; fileEncoding = 4; lastKnownFileType = sourcecode.swift; path = Aliases.swift; sourceTree = "<group>"; };
		735421482721397900D83F51 /* Utility+Extension.swift */ = {isa = PBXFileReference; fileEncoding = 4; lastKnownFileType = sourcecode.swift; path = "Utility+Extension.swift"; sourceTree = "<group>"; };
		7354215E27213A2800D83F51 /* Model.Background.swift */ = {isa = PBXFileReference; fileEncoding = 4; lastKnownFileType = sourcecode.swift; name = Model.Background.swift; path = "../../../EmojiArt iOS/EmojiArt/Models/Model.Background.swift"; sourceTree = "<group>"; };
		7354215F27213A2800D83F51 /* Model.swift */ = {isa = PBXFileReference; fileEncoding = 4; lastKnownFileType = sourcecode.swift; name = Model.swift; path = "../../../EmojiArt iOS/EmojiArt/Models/Model.swift"; sourceTree = "<group>"; };
		7354216027213A2800D83F51 /* PaletteStore.swift */ = {isa = PBXFileReference; fileEncoding = 4; lastKnownFileType = sourcecode.swift; name = PaletteStore.swift; path = "../../../EmojiArt iOS/EmojiArt/Models/PaletteStore.swift"; sourceTree = "<group>"; };
		7354216727213C9B00D83F51 /* macOS.swift */ = {isa = PBXFileReference; lastKnownFileType = sourcecode.swift; path = macOS.swift; sourceTree = "<group>"; };
		7354216A2721404F00D83F51 /* iOS.swift */ = {isa = PBXFileReference; lastKnownFileType = sourcecode.swift; path = iOS.swift; sourceTree = "<group>"; };
/* End PBXFileReference section */

/* Begin PBXFrameworksBuildPhase section */
		735421142721355300D83F51 /* Frameworks */ = {
			isa = PBXFrameworksBuildPhase;
			buildActionMask = 2147483647;
			files = (
			);
			runOnlyForDeploymentPostprocessing = 0;
		};
		7354211C2721355300D83F51 /* Frameworks */ = {
			isa = PBXFrameworksBuildPhase;
			buildActionMask = 2147483647;
			files = (
			);
			runOnlyForDeploymentPostprocessing = 0;
		};
/* End PBXFrameworksBuildPhase section */

/* Begin PBXGroup section */
		735421092721354800D83F51 = {
			isa = PBXGroup;
			children = (
				7354210E2721354900D83F51 /* Shared */,
				735421192721355300D83F51 /* iOS */,
				735421202721355300D83F51 /* macOS */,
				735421182721355300D83F51 /* Products */,
			);
			sourceTree = "<group>";
		};
		7354210E2721354900D83F51 /* Shared */ = {
			isa = PBXGroup;
			children = (
				7354215D27213A0C00D83F51 /* Model */,
				735421502721399500D83F51 /* Utility */,
				735421332721390000D83F51 /* Views */,
				7354210F2721354A00D83F51 /* EmojiArtApp.swift */,
				735421122721355300D83F51 /* Assets.xcassets */,
			);
			path = Shared;
			sourceTree = "<group>";
		};
		735421182721355300D83F51 /* Products */ = {
			isa = PBXGroup;
			children = (
				735421172721355300D83F51 /* EmojiArt.app */,
				7354211F2721355300D83F51 /* EmojiArt.app */,
			);
			name = Products;
			sourceTree = "<group>";
		};
		735421192721355300D83F51 /* iOS */ = {
			isa = PBXGroup;
			children = (
				735421382721392C00D83F51 /* PaletteManager.swift */,
				735421362721392C00D83F51 /* Camera.swift */,
				735421392721392C00D83F51 /* PhotoLibrary.swift */,
				7354216A2721404F00D83F51 /* iOS.swift */,
				7354211A2721355300D83F51 /* Info.plist */,
			);
			path = iOS;
			sourceTree = "<group>";
		};
		735421202721355300D83F51 /* macOS */ = {
			isa = PBXGroup;
			children = (
				735421212721355300D83F51 /* Info.plist */,
				735421222721355300D83F51 /* macOS.entitlements */,
				7354216727213C9B00D83F51 /* macOS.swift */,
			);
			path = macOS;
			sourceTree = "<group>";
		};
		735421332721390000D83F51 /* Views */ = {
			isa = PBXGroup;
			children = (
				735421342721392C00D83F51 /* DocumentView.swift */,
				735421352721392C00D83F51 /* PaletteChooser.swift */,
				735421372721392C00D83F51 /* PaletteEditor.swift */,
			);
			path = Views;
			sourceTree = "<group>";
		};
		735421502721399500D83F51 /* Utility */ = {
			isa = PBXGroup;
			children = (
				735421472721397900D83F51 /* Aliases.swift */,
				735421482721397900D83F51 /* Utility+Extension.swift */,
				735421462721397900D83F51 /* UtilityView.swift */,
			);
			path = Utility;
			sourceTree = "<group>";
		};
		7354215D27213A0C00D83F51 /* Model */ = {
			isa = PBXGroup;
			children = (
				735421102721354A00D83F51 /* EmojiArtDocument.swift */,
				7354215E27213A2800D83F51 /* Model.Background.swift */,
				7354215F27213A2800D83F51 /* Model.swift */,
				7354216027213A2800D83F51 /* PaletteStore.swift */,
			);
			path = Model;
			sourceTree = "<group>";
		};
/* End PBXGroup section */

/* Begin PBXNativeTarget section */
		735421162721355300D83F51 /* EmojiArt (iOS) */ = {
			isa = PBXNativeTarget;
			buildConfigurationList = 7354212D2721355300D83F51 /* Build configuration list for PBXNativeTarget "EmojiArt (iOS)" */;
			buildPhases = (
				735421132721355300D83F51 /* Sources */,
				735421142721355300D83F51 /* Frameworks */,
				735421152721355300D83F51 /* Resources */,
			);
			buildRules = (
			);
			dependencies = (
			);
			name = "EmojiArt (iOS)";
			productName = "EmojiArt (iOS)";
			productReference = 735421172721355300D83F51 /* EmojiArt.app */;
			productType = "com.apple.product-type.application";
		};
		7354211E2721355300D83F51 /* EmojiArt (macOS) */ = {
			isa = PBXNativeTarget;
			buildConfigurationList = 735421302721355300D83F51 /* Build configuration list for PBXNativeTarget "EmojiArt (macOS)" */;
			buildPhases = (
				7354211B2721355300D83F51 /* Sources */,
				7354211C2721355300D83F51 /* Frameworks */,
				7354211D2721355300D83F51 /* Resources */,
			);
			buildRules = (
			);
			dependencies = (
			);
			name = "EmojiArt (macOS)";
			productName = "EmojiArt (macOS)";
			productReference = 7354211F2721355300D83F51 /* EmojiArt.app */;
			productType = "com.apple.product-type.application";
		};
/* End PBXNativeTarget section */

/* Begin PBXProject section */
		7354210A2721354800D83F51 /* Project object */ = {
			isa = PBXProject;
			attributes = {
				BuildIndependentTargetsInParallel = 1;
				LastSwiftUpdateCheck = 1300;
				LastUpgradeCheck = 1300;
				TargetAttributes = {
					735421162721355300D83F51 = {
						CreatedOnToolsVersion = 13.0;
					};
					7354211E2721355300D83F51 = {
						CreatedOnToolsVersion = 13.0;
					};
				};
			};
			buildConfigurationList = 7354210D2721354800D83F51 /* Build configuration list for PBXProject "EmojiArt" */;
			compatibilityVersion = "Xcode 13.0";
			developmentRegion = en;
			hasScannedForEncodings = 0;
			knownRegions = (
				en,
				Base,
			);
			mainGroup = 735421092721354800D83F51;
			productRefGroup = 735421182721355300D83F51 /* Products */;
			projectDirPath = "";
			projectRoot = "";
			targets = (
				735421162721355300D83F51 /* EmojiArt (iOS) */,
				7354211E2721355300D83F51 /* EmojiArt (macOS) */,
			);
		};
/* End PBXProject section */

/* Begin PBXResourcesBuildPhase section */
		735421152721355300D83F51 /* Resources */ = {
			isa = PBXResourcesBuildPhase;
			buildActionMask = 2147483647;
			files = (
				735421292721355300D83F51 /* Assets.xcassets in Resources */,
			);
			runOnlyForDeploymentPostprocessing = 0;
		};
		7354211D2721355300D83F51 /* Resources */ = {
			isa = PBXResourcesBuildPhase;
			buildActionMask = 2147483647;
			files = (
				7354212A2721355300D83F51 /* Assets.xcassets in Resources */,
			);
			runOnlyForDeploymentPostprocessing = 0;
		};
/* End PBXResourcesBuildPhase section */

/* Begin PBXSourcesBuildPhase section */
		735421132721355300D83F51 /* Sources */ = {
			isa = PBXSourcesBuildPhase;
			buildActionMask = 2147483647;
			files = (
				7354216127213A2800D83F51 /* Model.Background.swift in Sources */,
				7354214B2721397900D83F51 /* Aliases.swift in Sources */,
				735421232721355300D83F51 /* EmojiArtApp.swift in Sources */,
				735421492721397900D83F51 /* UtilityView.swift in Sources */,
				7354213E2721392C00D83F51 /* Camera.swift in Sources */,
				735421402721392C00D83F51 /* PaletteEditor.swift in Sources */,
				7354216B2721404F00D83F51 /* iOS.swift in Sources */,
				7354216327213A2800D83F51 /* Model.swift in Sources */,
				735421422721392C00D83F51 /* PaletteManager.swift in Sources */,
				735421442721392C00D83F51 /* PhotoLibrary.swift in Sources */,
				7354213C2721392C00D83F51 /* PaletteChooser.swift in Sources */,
				7354213A2721392C00D83F51 /* DocumentView.swift in Sources */,
				7354214D2721397900D83F51 /* Utility+Extension.swift in Sources */,
				735421252721355300D83F51 /* EmojiArtDocument.swift in Sources */,
				7354216527213A2800D83F51 /* PaletteStore.swift in Sources */,
			);
			runOnlyForDeploymentPostprocessing = 0;
		};
		7354211B2721355300D83F51 /* Sources */ = {
			isa = PBXSourcesBuildPhase;
			buildActionMask = 2147483647;
			files = (
				7354216227213A2800D83F51 /* Model.Background.swift in Sources */,
				7354216927213C9B00D83F51 /* macOS.swift in Sources */,
				7354214C2721397900D83F51 /* Aliases.swift in Sources */,
				735421242721355300D83F51 /* EmojiArtApp.swift in Sources */,
				7354214A2721397900D83F51 /* UtilityView.swift in Sources */,
				735421412721392C00D83F51 /* PaletteEditor.swift in Sources */,
				7354216427213A2800D83F51 /* Model.swift in Sources */,
				7354213D2721392C00D83F51 /* PaletteChooser.swift in Sources */,
				7354213B2721392C00D83F51 /* DocumentView.swift in Sources */,
				7354214E2721397900D83F51 /* Utility+Extension.swift in Sources */,
				735421262721355300D83F51 /* EmojiArtDocument.swift in Sources */,
				7354216627213A2800D83F51 /* PaletteStore.swift in Sources */,
			);
			runOnlyForDeploymentPostprocessing = 0;
		};
/* End PBXSourcesBuildPhase section */

/* Begin XCBuildConfiguration section */
		7354212B2721355300D83F51 /* Debug */ = {
			isa = XCBuildConfiguration;
			buildSettings = {
				ALWAYS_SEARCH_USER_PATHS = NO;
				CLANG_ANALYZER_NONNULL = YES;
				CLANG_ANALYZER_NUMBER_OBJECT_CONVERSION = YES_AGGRESSIVE;
				CLANG_CXX_LANGUAGE_STANDARD = "gnu++17";
				CLANG_CXX_LIBRARY = "libc++";
				CLANG_ENABLE_MODULES = YES;
				CLANG_ENABLE_OBJC_ARC = YES;
				CLANG_ENABLE_OBJC_WEAK = YES;
				CLANG_WARN_BLOCK_CAPTURE_AUTORELEASING = YES;
				CLANG_WARN_BOOL_CONVERSION = YES;
				CLANG_WARN_COMMA = YES;
				CLANG_WARN_CONSTANT_CONVERSION = YES;
				CLANG_WARN_DEPRECATED_OBJC_IMPLEMENTATIONS = YES;
				CLANG_WARN_DIRECT_OBJC_ISA_USAGE = YES_ERROR;
				CLANG_WARN_DOCUMENTATION_COMMENTS = YES;
				CLANG_WARN_EMPTY_BODY = YES;
				CLANG_WARN_ENUM_CONVERSION = YES;
				CLANG_WARN_INFINITE_RECURSION = YES;
				CLANG_WARN_INT_CONVERSION = YES;
				CLANG_WARN_NON_LITERAL_NULL_CONVERSION = YES;
				CLANG_WARN_OBJC_IMPLICIT_RETAIN_SELF = YES;
				CLANG_WARN_OBJC_LITERAL_CONVERSION = YES;
				CLANG_WARN_OBJC_ROOT_CLASS = YES_ERROR;
				CLANG_WARN_QUOTED_INCLUDE_IN_FRAMEWORK_HEADER = YES;
				CLANG_WARN_RANGE_LOOP_ANALYSIS = YES;
				CLANG_WARN_STRICT_PROTOTYPES = YES;
				CLANG_WARN_SUSPICIOUS_MOVE = YES;
				CLANG_WARN_UNGUARDED_AVAILABILITY = YES_AGGRESSIVE;
				CLANG_WARN_UNREACHABLE_CODE = YES;
				CLANG_WARN__DUPLICATE_METHOD_MATCH = YES;
				COPY_PHASE_STRIP = NO;
				DEBUG_INFORMATION_FORMAT = dwarf;
				ENABLE_STRICT_OBJC_MSGSEND = YES;
				ENABLE_TESTABILITY = YES;
				GCC_C_LANGUAGE_STANDARD = gnu11;
				GCC_DYNAMIC_NO_PIC = NO;
				GCC_NO_COMMON_BLOCKS = YES;
				GCC_OPTIMIZATION_LEVEL = 0;
				GCC_PREPROCESSOR_DEFINITIONS = (
					"DEBUG=1",
					"$(inherited)",
				);
				GCC_WARN_64_TO_32_BIT_CONVERSION = YES;
				GCC_WARN_ABOUT_RETURN_TYPE = YES_ERROR;
				GCC_WARN_UNDECLARED_SELECTOR = YES;
				GCC_WARN_UNINITIALIZED_AUTOS = YES_AGGRESSIVE;
				GCC_WARN_UNUSED_FUNCTION = YES;
				GCC_WARN_UNUSED_VARIABLE = YES;
				MTL_ENABLE_DEBUG_INFO = INCLUDE_SOURCE;
				MTL_FAST_MATH = YES;
				ONLY_ACTIVE_ARCH = YES;
				SWIFT_ACTIVE_COMPILATION_CONDITIONS = DEBUG;
				SWIFT_OPTIMIZATION_LEVEL = "-Onone";
			};
			name = Debug;
		};
		7354212C2721355300D83F51 /* Release */ = {
			isa = XCBuildConfiguration;
			buildSettings = {
				ALWAYS_SEARCH_USER_PATHS = NO;
				CLANG_ANALYZER_NONNULL = YES;
				CLANG_ANALYZER_NUMBER_OBJECT_CONVERSION = YES_AGGRESSIVE;
				CLANG_CXX_LANGUAGE_STANDARD = "gnu++17";
				CLANG_CXX_LIBRARY = "libc++";
				CLANG_ENABLE_MODULES = YES;
				CLANG_ENABLE_OBJC_ARC = YES;
				CLANG_ENABLE_OBJC_WEAK = YES;
				CLANG_WARN_BLOCK_CAPTURE_AUTORELEASING = YES;
				CLANG_WARN_BOOL_CONVERSION = YES;
				CLANG_WARN_COMMA = YES;
				CLANG_WARN_CONSTANT_CONVERSION = YES;
				CLANG_WARN_DEPRECATED_OBJC_IMPLEMENTATIONS = YES;
				CLANG_WARN_DIRECT_OBJC_ISA_USAGE = YES_ERROR;
				CLANG_WARN_DOCUMENTATION_COMMENTS = YES;
				CLANG_WARN_EMPTY_BODY = YES;
				CLANG_WARN_ENUM_CONVERSION = YES;
				CLANG_WARN_INFINITE_RECURSION = YES;
				CLANG_WARN_INT_CONVERSION = YES;
				CLANG_WARN_NON_LITERAL_NULL_CONVERSION = YES;
				CLANG_WARN_OBJC_IMPLICIT_RETAIN_SELF = YES;
				CLANG_WARN_OBJC_LITERAL_CONVERSION = YES;
				CLANG_WARN_OBJC_ROOT_CLASS = YES_ERROR;
				CLANG_WARN_QUOTED_INCLUDE_IN_FRAMEWORK_HEADER = YES;
				CLANG_WARN_RANGE_LOOP_ANALYSIS = YES;
				CLANG_WARN_STRICT_PROTOTYPES = YES;
				CLANG_WARN_SUSPICIOUS_MOVE = YES;
				CLANG_WARN_UNGUARDED_AVAILABILITY = YES_AGGRESSIVE;
				CLANG_WARN_UNREACHABLE_CODE = YES;
				CLANG_WARN__DUPLICATE_METHOD_MATCH = YES;
				COPY_PHASE_STRIP = NO;
				DEBUG_INFORMATION_FORMAT = "dwarf-with-dsym";
				ENABLE_NS_ASSERTIONS = NO;
				ENABLE_STRICT_OBJC_MSGSEND = YES;
				GCC_C_LANGUAGE_STANDARD = gnu11;
				GCC_NO_COMMON_BLOCKS = YES;
				GCC_WARN_64_TO_32_BIT_CONVERSION = YES;
				GCC_WARN_ABOUT_RETURN_TYPE = YES_ERROR;
				GCC_WARN_UNDECLARED_SELECTOR = YES;
				GCC_WARN_UNINITIALIZED_AUTOS = YES_AGGRESSIVE;
				GCC_WARN_UNUSED_FUNCTION = YES;
				GCC_WARN_UNUSED_VARIABLE = YES;
				MTL_ENABLE_DEBUG_INFO = NO;
				MTL_FAST_MATH = YES;
				SWIFT_COMPILATION_MODE = wholemodule;
				SWIFT_OPTIMIZATION_LEVEL = "-O";
			};
			name = Release;
		};
		7354212E2721355300D83F51 /* Debug */ = {
			isa = XCBuildConfiguration;
			buildSettings = {
				ASSETCATALOG_COMPILER_APPICON_NAME = AppIcon;
				ASSETCATALOG_COMPILER_GLOBAL_ACCENT_COLOR_NAME = AccentColor;
				CODE_SIGN_STYLE = Automatic;
				CURRENT_PROJECT_VERSION = 1;
				DEVELOPMENT_TEAM = 4K8HNGCPFU;
				ENABLE_PREVIEWS = YES;
				GENERATE_INFOPLIST_FILE = YES;
				INFOPLIST_FILE = iOS/Info.plist;
				INFOPLIST_KEY_LSSupportsOpeningDocumentsInPlace = YES;
				INFOPLIST_KEY_UIApplicationSceneManifest_Generation = YES;
				INFOPLIST_KEY_UIApplicationSupportsIndirectInputEvents = YES;
				INFOPLIST_KEY_UILaunchScreen_Generation = YES;
				INFOPLIST_KEY_UISupportedInterfaceOrientations_iPad = "UIInterfaceOrientationPortrait UIInterfaceOrientationPortraitUpsideDown UIInterfaceOrientationLandscapeLeft UIInterfaceOrientationLandscapeRight";
				INFOPLIST_KEY_UISupportedInterfaceOrientations_iPhone = "UIInterfaceOrientationPortrait UIInterfaceOrientationLandscapeLeft UIInterfaceOrientationLandscapeRight";
				INFOPLIST_KEY_UISupportsDocumentBrowser = YES;
				IPHONEOS_DEPLOYMENT_TARGET = 14.0;
				LD_RUNPATH_SEARCH_PATHS = (
					"$(inherited)",
					"@executable_path/Frameworks",
				);
				MARKETING_VERSION = 1.0;
				PRODUCT_BUNDLE_IDENTIFIER = com.vrm0rgu3.EmojiArt;
				PRODUCT_NAME = EmojiArt;
				SDKROOT = iphoneos;
				SWIFT_EMIT_LOC_STRINGS = YES;
				SWIFT_VERSION = 5.0;
				TARGETED_DEVICE_FAMILY = "1,2";
			};
			name = Debug;
		};
		7354212F2721355300D83F51 /* Release */ = {
			isa = XCBuildConfiguration;
			buildSettings = {
				ASSETCATALOG_COMPILER_APPICON_NAME = AppIcon;
				ASSETCATALOG_COMPILER_GLOBAL_ACCENT_COLOR_NAME = AccentColor;
				CODE_SIGN_STYLE = Automatic;
				CURRENT_PROJECT_VERSION = 1;
				DEVELOPMENT_TEAM = 4K8HNGCPFU;
				ENABLE_PREVIEWS = YES;
				GENERATE_INFOPLIST_FILE = YES;
				INFOPLIST_FILE = iOS/Info.plist;
				INFOPLIST_KEY_LSSupportsOpeningDocumentsInPlace = YES;
				INFOPLIST_KEY_UIApplicationSceneManifest_Generation = YES;
				INFOPLIST_KEY_UIApplicationSupportsIndirectInputEvents = YES;
				INFOPLIST_KEY_UILaunchScreen_Generation = YES;
				INFOPLIST_KEY_UISupportedInterfaceOrientations_iPad = "UIInterfaceOrientationPortrait UIInterfaceOrientationPortraitUpsideDown UIInterfaceOrientationLandscapeLeft UIInterfaceOrientationLandscapeRight";
				INFOPLIST_KEY_UISupportedInterfaceOrientations_iPhone = "UIInterfaceOrientationPortrait UIInterfaceOrientationLandscapeLeft UIInterfaceOrientationLandscapeRight";
				INFOPLIST_KEY_UISupportsDocumentBrowser = YES;
				IPHONEOS_DEPLOYMENT_TARGET = 14.0;
				LD_RUNPATH_SEARCH_PATHS = (
					"$(inherited)",
					"@executable_path/Frameworks",
				);
				MARKETING_VERSION = 1.0;
				PRODUCT_BUNDLE_IDENTIFIER = com.vrm0rgu3.EmojiArt;
				PRODUCT_NAME = EmojiArt;
				SDKROOT = iphoneos;
				SWIFT_EMIT_LOC_STRINGS = YES;
				SWIFT_VERSION = 5.0;
				TARGETED_DEVICE_FAMILY = "1,2";
				VALIDATE_PRODUCT = YES;
			};
			name = Release;
		};
		735421312721355300D83F51 /* Debug */ = {
			isa = XCBuildConfiguration;
			buildSettings = {
				ASSETCATALOG_COMPILER_APPICON_NAME = AppIcon;
				ASSETCATALOG_COMPILER_GLOBAL_ACCENT_COLOR_NAME = AccentColor;
				CODE_SIGN_ENTITLEMENTS = macOS/macOS.entitlements;
				CODE_SIGN_STYLE = Automatic;
				COMBINE_HIDPI_IMAGES = YES;
				CURRENT_PROJECT_VERSION = 1;
				DEVELOPMENT_TEAM = 4K8HNGCPFU;
				ENABLE_HARDENED_RUNTIME = YES;
				ENABLE_PREVIEWS = YES;
				GENERATE_INFOPLIST_FILE = YES;
				INFOPLIST_FILE = macOS/Info.plist;
				INFOPLIST_KEY_NSHumanReadableCopyright = "";
				LD_RUNPATH_SEARCH_PATHS = (
					"$(inherited)",
					"@executable_path/../Frameworks",
				);
				MACOSX_DEPLOYMENT_TARGET = 11.0;
				MARKETING_VERSION = 1.0;
				PRODUCT_BUNDLE_IDENTIFIER = com.vrm0rgu3.EmojiArt;
				PRODUCT_NAME = EmojiArt;
				SDKROOT = macosx;
				SWIFT_EMIT_LOC_STRINGS = YES;
				SWIFT_VERSION = 5.0;
			};
			name = Debug;
		};
		735421322721355300D83F51 /* Release */ = {
			isa = XCBuildConfiguration;
			buildSettings = {
				ASSETCATALOG_COMPILER_APPICON_NAME = AppIcon;
				ASSETCATALOG_COMPILER_GLOBAL_ACCENT_COLOR_NAME = AccentColor;
				CODE_SIGN_ENTITLEMENTS = macOS/macOS.entitlements;
				CODE_SIGN_STYLE = Automatic;
				COMBINE_HIDPI_IMAGES = YES;
				CURRENT_PROJECT_VERSION = 1;
				DEVELOPMENT_TEAM = 4K8HNGCPFU;
				ENABLE_HARDENED_RUNTIME = YES;
				ENABLE_PREVIEWS = YES;
				GENERATE_INFOPLIST_FILE = YES;
				INFOPLIST_FILE = macOS/Info.plist;
				INFOPLIST_KEY_NSHumanReadableCopyright = "";
				LD_RUNPATH_SEARCH_PATHS = (
					"$(inherited)",
					"@executable_path/../Frameworks",
				);
				MACOSX_DEPLOYMENT_TARGET = 11.0;
				MARKETING_VERSION = 1.0;
				PRODUCT_BUNDLE_IDENTIFIER = com.vrm0rgu3.EmojiArt;
				PRODUCT_NAME = EmojiArt;
				SDKROOT = macosx;
				SWIFT_EMIT_LOC_STRINGS = YES;
				SWIFT_VERSION = 5.0;
			};
			name = Release;
		};
/* End XCBuildConfiguration section */

/* Begin XCConfigurationList section */
		7354210D2721354800D83F51 /* Build configuration list for PBXProject "EmojiArt" */ = {
			isa = XCConfigurationList;
			buildConfigurations = (
				7354212B2721355300D83F51 /* Debug */,
				7354212C2721355300D83F51 /* Release */,
			);
			defaultConfigurationIsVisible = 0;
			defaultConfigurationName = Release;
		};
		7354212D2721355300D83F51 /* Build configuration list for PBXNativeTarget "EmojiArt (iOS)" */ = {
			isa = XCConfigurationList;
			buildConfigurations = (
				7354212E2721355300D83F51 /* Debug */,
				7354212F2721355300D83F51 /* Release */,
			);
			defaultConfigurationIsVisible = 0;
			defaultConfigurationName = Release;
		};
		735421302721355300D83F51 /* Build configuration list for PBXNativeTarget "EmojiArt (macOS)" */ = {
			isa = XCConfigurationList;
			buildConfigurations = (
				735421312721355300D83F51 /* Debug */,
				735421322721355300D83F51 /* Release */,
			);
			defaultConfigurationIsVisible = 0;
			defaultConfigurationName = Release;
		};
/* End XCConfigurationList section */
	};
	rootObject = 7354210A2721354800D83F51 /* Project object */;
}
